# This file may be used to create an environment using:
# $ conda create --prefix .conda --file requirements/backend-linux-64.conda.lock
# platform: linux-64
# created-by: conda 26.7.1
@EXPLICIT
https://conda.anaconda.org/conda-forge/noarch/ca-certificates-2026.7.22-hbd8a1cb_0.conda#0a0544cf95f64394fe4959286f5c71f5444ad58feb0602e53becb27448d24da6
https://conda.anaconda.org/conda-forge/linux-64/eigen-5.0.1-h19c2612_3.conda#e134dba3ad3523573d5902ff1222a4033372089ea31efa99e6adaf0aa18f904a
https://conda.anaconda.org/conda-forge/linux-64/eigen-abi-5.0.1.80-hf414acd_3.conda#2c0ae975516a66f50a525666dd128dd82e27aec6370d1a846b1390f3fbc03a98
https://conda.anaconda.org/conda-forge/noarch/font-ttf-dejavu-sans-mono-2.37-hab24e00_0.tar.bz2#58d7f40d2940dd0a8aa28651239adbf5613254df0f75789919c4e6762054403b
https://conda.anaconda.org/conda-forge/noarch/font-ttf-inconsolata-3.000-h77eed37_0.tar.bz2#c52a29fdac682c20d252facc50f01e7c2e7ceac52aa9817aaf0bb83f7559ec5c
https://conda.anaconda.org/conda-forge/noarch/font-ttf-source-code-pro-2.038-h77eed37_0.tar.bz2#00925c8c055a2275614b4d983e1df637245e19058d79fc7dd1a93b8d9fb4b139
https://conda.anaconda.org/conda-forge/noarch/font-ttf-ubuntu-0.83-h77eed37_3.conda#2821ec1dc454bd8b9a31d0ed22a7ce22422c0aef163c59f49dfdf915d0f0ca14
https://conda.anaconda.org/conda-forge/noarch/libboost-headers-1.90.0-h707e725_2.conda#5d7ab1c0d6c1a423383ed6d4b7cedfef2d14c94a11e9c22dd77c1888c88dc70e
https://conda.anaconda.org/conda-forge/linux-64/libglvnd-1.7.0-ha4b6fd6_5.conda#6eb77601a44b78c4631d886d54ef54f321c2bdc69fdefc4065a1e0491f030c76
https://conda.anaconda.org/conda-forge/linux-64/libgomp-16.2.0-he0feb66_5.conda#224a5a09e258a1a257089a9af310e9336e1d36834959718a9fab8679742dd822
https://conda.anaconda.org/conda-forge/linux-64/libzlib-1.3.2-h25fd6f3_3.conda#eb8a0db0aa570124f7d2a93d7c7f596e3390df5e047818d873baad32985fc736
https://conda.anaconda.org/conda-forge/noarch/python_abi-3.12-9_cp312.conda#ee9c2922e07afc85fc82d5fa82c9ac2c79da3be3283a5e17bf2f2ae38dbd02fb
https://conda.anaconda.org/conda-forge/noarch/tzdata-2026c-h151e31d_0.conda#b928c30ddcb0e3f544c6eade8352737e6e610e263276b90232db6a578ef899d8
https://conda.anaconda.org/conda-forge/linux-64/_openmp_mutex-4.5-20_gnu.conda#1dd3fffd892081df9726d7eb7e0dea6198962ba775bd88842135a4ddb4deb3c9
https://conda.anaconda.org/conda-forge/noarch/fonts-conda-forge-1-hc364b38_1.conda#54eea8469786bc2291cc40bca5f46438d3e062a399e8f53f013b6a9f50e98333
https://conda.anaconda.org/conda-forge/linux-64/libopengl-1.7.0-ha4b6fd6_5.conda#7bdca717c840e17d7dd050f925dd964da61086c2612b8579a4ff4147105f291f
https://conda.anaconda.org/conda-forge/linux-64/zstd-1.5.7-hb78ec9c_7.conda#47d682b9f6d6ec9eb1a6e6c3e75ea6273e899e78fb7fc59f81d39745009fbc60
https://conda.anaconda.org/conda-forge/noarch/fonts-conda-ecosystem-1-0.tar.bz2#a997f2f1921bb9c9d76e6fa2f6b408b7fa549edd349a77639c9fe7a23ea93e61
https://conda.anaconda.org/conda-forge/linux-64/ld_impl_linux-64-2.46.1-default_hbd61a6d_102.conda#27d83f1188cd19bcb7754a078b3fa7f4cfb8527f8eb2fde54dd01fc529d1adec
https://conda.anaconda.org/conda-forge/linux-64/libgcc-16.2.0-ha9f2e26_5.conda#33d1b5d57c5a55a474330c5ec41fe7001a5aa600d9639389e8ce5edafae216a4
https://conda.anaconda.org/conda-forge/linux-64/aws-c-common-0.14.3-hb03c661_0.conda#8ea79f36d50ba90d7147fe1a047f9a7f2d33b114a3d4bacf1360cd8df43986e4
https://conda.anaconda.org/conda-forge/linux-64/bzip2-1.0.8-hda65f42_10.conda#1a0d382c515ebf55f8ee1f38c8b81bc95af5c2acc42ad53b66bc5df932032f96
https://conda.anaconda.org/conda-forge/linux-64/c-ares-1.34.8-hebe6cf0_2.conda#9c37cc233238adf366ea75b0e845662a5be07ceadf62e458183516369340274b
https://conda.anaconda.org/conda-forge/linux-64/keyutils-1.6.3-h7cc23a3_1.conda#dd053c96dcb0dcfd59422aefea9d2fe937a190167f34fba7893ec1e10a7e8963
https://conda.anaconda.org/conda-forge/linux-64/libdeflate-1.25-hd45a770_1.conda#82e134c8a08b1eed9a2ed8ab578b89aa1730dcde3dea8dd87645ed0637878e54
https://conda.anaconda.org/conda-forge/linux-64/libev-4.33-h280c20c_3.conda#e4418f68d01a6307c4431b585c71b584f40189877364e542ee87deb777f5e85b
https://conda.anaconda.org/conda-forge/linux-64/libexpat-2.8.1-hecca717_1.conda#16feffd9ddbbe5b718515d38ee376c685ba95491cd901244e24671d20b952a77
https://conda.anaconda.org/conda-forge/linux-64/libffi-3.7.0-h81df57d_1.conda#c8c7583ef063bc3c430f1d48298e5ad24f796a35c22ed5b14183325825a61106
https://conda.anaconda.org/conda-forge/linux-64/libgcc-ng-16.2.0-h69a702a_5.conda#d298972e17697a5e96806d5f2c151c53efd0afa0ef10db5d6757a5b186817219
https://conda.anaconda.org/conda-forge/linux-64/libgfortran5-16.2.0-h6b99dfc_5.conda#cc767363e3148a18d3a3015eeaed722bbf8ca0acc3a29157df2965e97caa9803
https://conda.anaconda.org/conda-forge/linux-64/libiconv-1.18-h0cb94f2_3.conda#f943117edb9cd4d9c61cc972eee5a34291dc55ea7a6e9e38da104995841cbcb6
https://conda.anaconda.org/conda-forge/linux-64/libjpeg-turbo-3.2.0-hb03c661_1.conda#bba8538e6538ed58a8479b332337b96986561f975d06cfa2039a016c2d246ee4
https://conda.anaconda.org/conda-forge/linux-64/liblzma-5.8.3-hb03c661_1.conda#9787df8c22a59c9a70d3e5a10db9ad663485e75e9ccc3f09bd092cb7b95e0dab
https://conda.anaconda.org/conda-forge/linux-64/libnsl-2.0.1-hb9d3cd8_1.conda#927fe72b054277cde6cb82597d0fcf6baf127dcbce2e0a9d8925a68f1265eef5
https://conda.anaconda.org/conda-forge/linux-64/libntlm-1.8-hb9d3cd8_0.conda#3b3f19ced060013c2dd99d9d46403be6d319d4601814c772a3472fe2955612b0
https://conda.anaconda.org/conda-forge/linux-64/libpng-1.6.58-h922cc85_1.conda#c19eefb87d70d9b4b0629fa48414a155a47a1be4f04583ae71ed8c5a9a32fdcb
https://conda.anaconda.org/conda-forge/linux-64/libstdcxx-16.2.0-h934c35e_5.conda#38cadde30fad8f7c101f9eec79f60bf03fc99310c7195d23f8b30832516d666f
https://conda.anaconda.org/conda-forge/linux-64/libuuid-2.42.3-hcfc3c73_0.conda#aa58bbba56644ffd062a4a9b358782c5eb7560ccead2ab8f7c5c6ede0a7d33a6
https://conda.anaconda.org/conda-forge/linux-64/libwebp-base-1.6.0-hd42ef1d_1.conda#8415001414f488c85b72b9d8cc2071dfb3981a47bc3c8eb56ef91a57d12eae7f
https://conda.anaconda.org/conda-forge/linux-64/libxcrypt-4.4.38-h280c20c_0.conda#f7e9292dd219a6435bbb1223da9586c3e70d66d169c5a92f08db3f2127df04e9
https://conda.anaconda.org/conda-forge/linux-64/ncurses-6.6-hdb14827_1.conda#5d46557214ed184381dafe835b7c94a474a1c3b307a08a250b1ea4779b44ffb3
https://conda.anaconda.org/conda-forge/linux-64/openssl-3.6.4-h781a0a9_0.conda#4747b2d6a8336f52343bceb8a1ebf41a9e6e665b9d2e3f989972de53a310599e
https://conda.anaconda.org/conda-forge/linux-64/pthread-stubs-0.4-h7cc23a3_1004.conda#4a44fd00ea73b79ca2c89b0727b9ccf61c506ead71e67a9abfa4c590042b5a4a
https://conda.anaconda.org/conda-forge/linux-64/tk-8.6.13-noxft_h1df4ec4_4.conda#a1a241d172c1ccab067ba245206dd048bc3c2d1b84504b53c9468e99adfc16a1
https://conda.anaconda.org/conda-forge/linux-64/tzcode-2026c-h280c20c_0.conda#a188dbadd112a0ad96a506568b6b42c31f016f601bec8868c2fd63254d6db54b
https://conda.anaconda.org/conda-forge/linux-64/xorg-libice-1.1.2-h280c20c_0.conda#49b532d1df875c6749d9078b56a76f3f5db49a5abe0ca620b593ed474ef0ebf1
https://conda.anaconda.org/conda-forge/linux-64/xorg-libxau-1.0.12-h7cc23a3_2.conda#3ec065b94554dc48a4ca582a960a5484bc166b26e83ce0954653e08d17e8bd53
https://conda.anaconda.org/conda-forge/linux-64/xorg-libxdmcp-1.1.5-h7cc23a3_2.conda#8a095df9bc1d2e50f2504ce8858a047ae29ea634aad6cc0b43298c63361da6d9
https://conda.anaconda.org/conda-forge/linux-64/aws-c-cal-0.9.15-h6bbde05_1.conda#6eb21a0129e0aa7c6be733c7f2d1de6bc97a60c8382c1016f19dced722600d73
https://conda.anaconda.org/conda-forge/linux-64/aws-c-compression-0.3.2-h01ee8f8_5.conda#27f8581573c533a92a1a9619516ebb66d390b9923d296331985cfd342dc32d29
https://conda.anaconda.org/conda-forge/linux-64/aws-c-sdkutils-0.2.7-h01ee8f8_3.conda#b308c393a3db78cef29942c6b83ca7321f86d357fbb47504d59f55254601c87a
https://conda.anaconda.org/conda-forge/linux-64/aws-checksums-0.2.10-h01ee8f8_5.conda#f8d2cd9faccb273df739fc28431b484a90aca10027ef44f7fec1d4f0bd229a76
https://conda.anaconda.org/conda-forge/linux-64/geos-3.14.1-h55b0958_0.conda#dc9f03bef913c8b3c94e93a61318b7437bd5e4f7136ef841e68df8de082405d5
https://conda.anaconda.org/conda-forge/linux-64/gflags-2.2.2-h5888daf_1005.conda#6c33bf0c4d8f418546ba9c250db4e4221040936aef8956353bc764d4877bc39a
https://conda.anaconda.org/conda-forge/linux-64/gmp-6.3.0-hfd2156b_3.conda#f36c336efc874f346a53a9011f67e997f9faac505562cc18c13b6d399cfe61c7
https://conda.anaconda.org/conda-forge/linux-64/icu-78.3-py310h44b86e0_2.conda#9f07834f0c546ab14d885ce0366285f61f44e326c0edd1fc63b8294e113ae432
https://conda.anaconda.org/conda-forge/linux-64/imath-3.2.2-hde8ca8f_0.conda#43f30e6fd8cbe1fef59da760d1847c9ceff3fb69ceee7fd4a34538b0927959dd
https://conda.anaconda.org/conda-forge/linux-64/jxrlib-1.1-hd590300_3.conda#2057ca87b313bde5b74b93b0e696f8faab69acd4cb0edebb78469f3f388040c0
https://conda.anaconda.org/conda-forge/linux-64/lerc-4.2.0-hdb68285_0.conda#bf9fdebf55d8bc99d83531cdffda00703f4dc5f93a1a956768c147362c72feda
https://conda.anaconda.org/conda-forge/linux-64/libaec-1.1.5-h088129d_0.conda#822e4ae421a7e9c04e841323526321185f6659222325e1a9aedec811c686e688
https://conda.anaconda.org/conda-forge/linux-64/libedit-3.1.20250104-pl5321h373387f_1.conda#6473eb8caf2aae830f37caa93db9b26dddf7ac84b63229e8bf7fc0e5c3ab95b0
https://conda.anaconda.org/conda-forge/linux-64/libfreetype6-2.14.3-h5e6c136_2.conda#ec607dd5445dd17ff6bf8b7fe6832e5504c226dd91d3aaea7ba83569808b0ce4
https://conda.anaconda.org/conda-forge/linux-64/libgfortran-16.2.0-h69a702a_5.conda#7e694578cbabd46251d7a069d89da6479c5edd962d78bbc66a847c1b722a8365
https://conda.anaconda.org/conda-forge/linux-64/libglu-9.0.3-h5888daf_1.conda#a0105eb88f76073bbb30169312e797ed5449ebb4e964a756104d6e54633d17ef
https://conda.anaconda.org/conda-forge/linux-64/libnghttp2-1.68.1-h74cf4be_1.conda#11a2f54a6f391e25738bce0023e6ef499600147bbcf21c1fa69d2e251b03cc6a
https://conda.anaconda.org/conda-forge/linux-64/libpython-3.12.14-h0c77377_3_cpython.conda#6be16a4906d83eb8e9e04375d524f339f426a847cffd294f1ceb0611988dc17a
https://conda.anaconda.org/conda-forge/linux-64/libssh2-1.11.1-h6154650_1.conda#7e463000fa1cba3f3a6597b776f6ab301d425a96e3bc20d0d9d76a3b9f237aa3
https://conda.anaconda.org/conda-forge/linux-64/libxcb-1.17.0-hb83e432_2.conda#7b49e6fd2a584b7f072943e6adf4149677af5121246975278804782d37752837
https://conda.anaconda.org/conda-forge/linux-64/lz4-c-1.10.0-hee9eb32_2.conda#b8c0e930183e6b7f83cd35ace102f2b8c2f0faae41dc05255dc72f247dfc556a
https://conda.anaconda.org/conda-forge/linux-64/rapidjson-1.1.0.post20250205-h54a6638_0.conda#6f56a91c14ca82f7df65adeedbcd45d6496baa34535c231e18c5cc45ba284821
https://conda.anaconda.org/conda-forge/linux-64/readline-8.3-hd6e31c0_1.conda#01b3fe073a66e321970d09e04b388708f8cbdca5cdfbfcb7c9eeb470ad10383d
https://conda.anaconda.org/conda-forge/linux-64/s2n-1.7.6-h7e3ee7f_0.conda#1e1ccc56fdf3fe82150b4eac1d626c806e612af208fbf40ce3abfe9a2eb2a626
https://conda.anaconda.org/conda-forge/linux-64/snappy-1.2.2-h03e3b7b_1.conda#48f3f6a76c34b2cfe80de9ce7f2283ecb55d5ed47367ba91e8bb8104e12b8f11
https://conda.anaconda.org/conda-forge/linux-64/xorg-libsm-1.2.6-h0d788c3_1.conda#ef907caee0665cf3b0f775602cc50e388e3bade8ce22ecade0873ff26604b2fd
https://conda.anaconda.org/conda-forge/linux-64/aws-c-io-0.27.5-h4f381ba_1.conda#76ab4eb6cae12e14244cb1fe11ecccc2f103f8ffa7e80e222099c6b16c19ae20
https://conda.anaconda.org/conda-forge/linux-64/krb5-1.22.2-hbc21106_2.conda#2a5c38c85e63df84c4e69ee71439841ce570d259ae3060627bb9a49a938d66f4
https://conda.anaconda.org/conda-forge/linux-64/libboost-1.90.0-h1101c1b_2.conda#f996e7141b50af80aaa30f9c085f0c53dfc1b4c4b5e47e71a3f8b35f304321a0
https://conda.anaconda.org/conda-forge/linux-64/libfreetype-2.14.3-ha770c72_2.conda#fb12ecb46c30d18d928c0e8fc346ab13b5f6fc8a9cacae4f2f4bb188782586f5
https://conda.anaconda.org/conda-forge/linux-64/libopenblas-0.3.34-pthreads_hf13c14d_2.conda#69a722751e14eab2eb3bfdcb9acb1187afbd962b0c49b48d829341e0f6787f60
https://conda.anaconda.org/conda-forge/linux-64/libpsl-0.23.1-hd9e3e90_1.conda#09e8effdc89bc5d021349318d32b85594f5b8d8e3ab8f90a85b81f8fe695a566
https://conda.anaconda.org/conda-forge/linux-64/libsqlite-3.53.4-h13e7031_1.conda#f20d70da54e5b31dd4a51fb1efeaafafd5ab6dd8d7ac9d1438eaa2526ac4ed3d
https://conda.anaconda.org/conda-forge/linux-64/libtiff-4.7.2-hcc2c06a_1.conda#10e125da82ca93e09191e66e5a94d566b2cf8d4024e2a0db3a9114297447e0d9
https://conda.anaconda.org/conda-forge/linux-64/libxml2-16-2.15.4-hf3af7cc_0.conda#9a1685c8d8b8488cd7882a9cd6e673e687211ca763ebbcd1e91b6f594eeadc45
https://conda.anaconda.org/conda-forge/linux-64/mpfr-4.2.2-ha2cb11d_1.conda#0be79ef2ee536e0c5d3ddb4a52bbae9f26d08560623299f33db2f4c4a17c525a
https://conda.anaconda.org/conda-forge/linux-64/rocksdb-10.6.2-h13d676d_0_default.conda#13b828417b82f77e2028cff5168f4302008d487268ae9a404ea296afb7c7bd9e
https://conda.anaconda.org/conda-forge/linux-64/xorg-libx11-1.8.13-he1eb515_1.conda#68053eebfa9f0d91666786c8fb5839d989aa9b869add92cb8815228bb2d7302c
https://conda.anaconda.org/conda-forge/linux-64/aws-c-http-0.11.0-hbe094ff_5.conda#a4a5e24b398e7c0ef64de5a341ecb3f0fa87c2879177695c5d0bcbde0c4f8b5e
https://conda.anaconda.org/conda-forge/linux-64/cyrus-sasl-2.1.28-hac629b4_1.conda#7684da83306bb69686c0506fb09aa7074e1a55ade50c3a879e4e5df6eebb1009
https://conda.anaconda.org/conda-forge/linux-64/fontconfig-2.18.3-h4db4eae_1.conda#5a3eb10b18a97223ab06b3a7f0d7f56658db2f2800e2f2af95836fe3bf55ba63
https://conda.anaconda.org/conda-forge/linux-64/freetype-2.14.3-ha770c72_2.conda#612a8e0c1a6ecae23da54d81ef395f6ebb5c8e4468ec2611593ebce75876a4e0
https://conda.anaconda.org/conda-forge/linux-64/lcms2-2.19.1-h9073bf1_3.conda#03e675b9adaf235aab880e4133c72f4830e87bc7da2df59d6194771612239b22
https://conda.anaconda.org/conda-forge/linux-64/libblas-3.11.0-11_h4a7cf45_openblas.conda#d942e0c820d60a613a6f786d074f0820fb6343e3f1ccfb110b1d98b44fb75968
https://conda.anaconda.org/conda-forge/linux-64/libboost-devel-1.90.0-hdab9b82_2.conda#e77a9a40e66cd67a5890fc8a9c890e09f51d9268dc5ee15694094ebb9d340660
https://conda.anaconda.org/conda-forge/linux-64/libcurl-8.22.0-ha042cf0_0.conda#483b7eb97f56fbb3a9cb7190d33012dfa0a5aaed99ede61465563cd97dd82504
https://conda.anaconda.org/conda-forge/linux-64/libglx-1.7.0-ha4b6fd6_5.conda#d1f0d51aea6bcc5d915969cbed32e72a8ed6a95931b87357ef8d0866573688c4
https://conda.anaconda.org/conda-forge/linux-64/libxml2-2.15.4-h7df9aa5_0.conda#053d85821ce5e36b7ce03faea5930382f6af695df9e2cd68e5d8d273072d1551
https://conda.anaconda.org/conda-forge/linux-64/openjpeg-2.5.4-heb1ab33_2.conda#131688a88bea8da92fe418c4558c5073435e2848911bc4c836c3a9dd5994b4aa
https://conda.anaconda.org/conda-forge/linux-64/openjph-0.31.0-h8d634f6_0.conda#3c7a4118c678c43952ea10183388f175a4bcee16a1c61d90dab2fbdafddc45d7
https://conda.anaconda.org/conda-forge/linux-64/python-3.12.14-h5f976f7_3_cpython.conda#14c579b1016da04e4c9f1c5c857272d83ec447317d8c4074a07d59de3cef70ef
https://conda.anaconda.org/conda-forge/linux-64/xorg-libxext-1.3.7-h7cc23a3_1.conda#aa9bbe8b278aacc194e280ff5037f9f9a1f2c5b33ed97de8e7f01cfbe90dda43
https://conda.anaconda.org/conda-forge/linux-64/xorg-libxfixes-6.0.2-h7cc23a3_1.conda#aec84f554fc897bf4085c7bc8b8f0740e4c224e13bca3cc51c93e7699d56f83a
https://conda.anaconda.org/conda-forge/linux-64/xorg-libxt-1.3.1-h7cc23a3_1.conda#dff31677674be86f98ee929a796edf2cf7c78bf38610b122a63af9af752d5bf7
https://conda.anaconda.org/conda-forge/linux-64/aws-c-auth-0.10.4-h4610da3_2.conda#0c92dc5ddf4edd4038a63adb79f9f0b03f61e9455ce3253b7d2cf708e06ff99e
https://conda.anaconda.org/conda-forge/linux-64/cgal-cpp-6.2.1-hec4b13c_0.conda#232ea63938c3582460c5767e118fc205963bc0d8c331885b2020ef1c5d0c83a5
https://conda.anaconda.org/conda-forge/linux-64/libcblas-3.11.0-11_h0358290_openblas.conda#f7d1bbdea61cf94ba219d17b2cb571a29830f8025385af799bff5a7ad1ef45e6
https://conda.anaconda.org/conda-forge/linux-64/libgl-1.7.0-ha4b6fd6_5.conda#7b2e7e31e8a4f5a01c45ecadcd8aa68c8f733b035240bc7ba9881835ef4bf7b4
https://conda.anaconda.org/conda-forge/linux-64/liblapack-3.11.0-11_h47877c9_openblas.conda#1ad3f43c9319ef398a8ef45989f4903a06e3965b51e77fc669a4c894168a8411
https://conda.anaconda.org/conda-forge/linux-64/libxslt-1.1.45-h8e12856_1.conda#3beb51b5ce8d2e0690b8517d3d955972d502cfbe2899279cbb9cbb6ff134d360
https://conda.anaconda.org/conda-forge/linux-64/openexr-3.4.15-ha9edf89_0.conda#20eb5025e7dabe02bc89bbdb325ab74cf9193314676775288a392df2edec130d
https://conda.anaconda.org/conda-forge/linux-64/openldap-2.6.13-hbde042b_0.conda#21c4f6c7f41dc9bec2ea2f9c80440d9a4d45a6f2ac13243e658f10dcf1044146
https://conda.anaconda.org/conda-forge/noarch/packaging-26.3-pyhc364b38_0.conda#c432626b16768b8dab228bfb706f7060c2d462a21c516d240f68f2f902b5a044
https://conda.anaconda.org/conda-forge/noarch/setuptools-84.0.0-pyh332efcf_0.conda#9e200ee5f9ff19a4d94e4b51c4856d53dec849f91032f345cf0c6bc3d51a7183
https://conda.anaconda.org/conda-forge/noarch/typing_extensions-4.16.0-pyhcf101f3_0.conda#2d888f90af0686044882c74193ec80a90ec1943145d94a7b1b048958acda1848
https://conda.anaconda.org/conda-forge/linux-64/xorg-libxi-1.8.3-h7cc23a3_1.conda#a523d71344a2f640efe6fc42b88fc261d9cd389d4f9838a5d42dcdb120c2b0c8
https://conda.anaconda.org/conda-forge/linux-64/xorg-libxxf86vm-1.1.7-hb03c661_0.conda#64db17baaf36fa03ed8fae105e2e671a7383e22df4077486646f7dbf12842c9f
https://conda.anaconda.org/conda-forge/linux-64/aws-c-s3-0.13.1-h7508075_1.conda#d24f7f34b3b564535b533b17176e71f71b6944aa2cb71813283bece139908d9f
https://conda.anaconda.org/conda-forge/linux-64/freeglut-3.2.2-h215f996_4.conda#f94040a0d7c449038811097e145f223bd3b2ab4c5181870c6e27e1b9dd777d48
https://conda.anaconda.org/conda-forge/linux-64/libpq-17.11-h9d76c99_1.conda#cdd7c6de3ccd5e44151679740a15d52e9b6157b4775d53277bf753bb4e456323
https://conda.anaconda.org/conda-forge/linux-64/numpy-2.5.3-py312he827f4e_0.conda#5b0e4c7757a2df883c5615a8f64bc4c113c4cd303ae6caa3ada5d397d114ce2a
https://conda.anaconda.org/conda-forge/noarch/typing-extensions-4.16.0-h69aa097_0.conda#b141933ece3518f6d7b75dfb59451e2f26b405a44c18e2518a83e9a02e09315c
https://conda.anaconda.org/conda-forge/noarch/wheel-0.48.0-pyhd8ed1ab_0.conda#ba64b29b6d418024cb565081a1799262cb2780d2534ff4c14f76aa858c4286cd
https://conda.anaconda.org/conda-forge/linux-64/hdf5-2.2.0-nompi_hc529623_100.conda#786d126bfb33b923dd1341a92c2a3edd0ff5d0a71db8557fca9324ea4e93d677
https://conda.anaconda.org/conda-forge/linux-64/jasper-4.2.9-hd038ad9_2.conda#a7b36f828a4d85171e61b3153997b5513f766d02501b2b596129edb0e8896d04
https://conda.anaconda.org/conda-forge/noarch/pip-26.2.1-pyh8b19718_0.conda#c205bae42eb11b364fe3663a817cbcbc20a8ef544c6b2ff6f391013487117259
https://conda.anaconda.org/conda-forge/linux-64/postgresql-17.11-h46ac414_1.conda#8eb1f1c7c0785021dd5a75809abd84ac1051f42ed0a9757ac8cc00e7563c5ed3
https://conda.anaconda.org/conda-forge/linux-64/psycopg-c-3.2.10-py312h9b58c09_0.conda#cef2b2ce7436fcbb3b88a2ebdb43821b22da05405e4ad1b28ea8940f77b87ff2
https://conda.anaconda.org/conda-forge/linux-64/shapely-2.1.2-py312ha95667c_3.conda#a3e3106460ad8bd00d5a9bbb55ffe859dc075396155da8587fb2e043bfc15e9c
https://conda.anaconda.org/conda-forge/linux-64/libraw-0.22.2-h074291d_0.conda#fa3ccb18cf22f8ac94ec4f6bfcc9fd5805bf7af11cf56bf19c27fb051b36dd6a
https://conda.anaconda.org/conda-forge/noarch/psycopg-3.2.10-pyh848bd53_2.conda#a774ca8b3ad52826fd1fa642a106164f299c3018a940c64f5f611f28c760c81d
https://conda.anaconda.org/conda-forge/linux-64/freeimage-3.18.0-hd1b7436_25.conda#ca05af4414acfe03f041f1616b039a12b99f50ec04716d4597889aba87bf4df2
https://conda.anaconda.org/conda-forge/linux-64/occt-8.0.1-novtk_h6e372de_101.conda#a614d7625a2e2278ff877eea340f1a3d980c691e0d3f8522a6da3fd28c38b2d4
https://conda.anaconda.org/conda-forge/linux-64/ifcopenshell-0.8.5-py312hfac0a26_8.conda#c11ee063e54ba962c67b8fa4dd6cd970fb95c0da9d0863c722d23c5e567d0084
