# A100 Python 3.12, vLLM 0.8.5 CUDA 11.8; resolved 2026-09-20.
# Exact wheel hashes from pip --report. Install with --require-hashes --only-binary=:all:.
agent-detector==2.0.0 --hash=sha256:22c6a1c9c23894a12f55aea625f060b8d3330fba774de72d02d5442bb580417f
aiohappyeyeballs==2.7.1 --hash=sha256:9243213661e29250eb41368e5daa826fc017156c3b8a11440826b2e3ed376472
aiohttp==3.14.3 --hash=sha256:543906c127fb1d929b95076db19b83fa2d46751006ff1e23b093aa5ac4d8db42
aiosignal==1.4.0 --hash=sha256:053243f8b92b990551949e63930a839ff0cf0b0ebbe0597b0f3fb19e1a0fe82e
airportsdata==20260905 --hash=sha256:d7eaa9a57d373b0adaaae0d52da2af0bb0edf73f7baa170f7c415d3342bf4868
annotated-doc==0.0.5 --hash=sha256:117bac03a25ede5df5440e855b32d556049ca169ead221505badf432fed4b101
annotated-types==0.8.0 --hash=sha256:f072f4d804ea359e4eaf198b1af7a8b0943881a87f31bb764f8bf219bb9419e0
anyio==4.15.1 --hash=sha256:6152fdbbf9a77fdec97731721bebf7c4c44f7c29b424b0065826173efc7ed101
astor==0.8.1 --hash=sha256:070a54e890cefb5b3739d19f30f5a5ec840ffc9c50ffa7d23cc9fc1a38ebbfc5
attrs==26.1.0 --hash=sha256:c647aa4a12dfbad9333ca4e71fe62ddc36f4e63b2d260a37a8b83d2f043ac309
blake3==1.0.9 --hash=sha256:bcd56a7a972c4185070f7042ccc20166927eec3c0f98b8405f375d007b604a0b
cachetools==7.2.0 --hash=sha256:3045213f186b89fdd95d94441354c4bd87c570b7a38d8c3fd1d9dd37f6dc90d8
certifi==2026.7.22 --hash=sha256:62f22742b58a1a33014a2b6b706588a8d7e2a88ae7bd1a6ebe8c992928483775
charset-normalizer==3.5.1 --hash=sha256:b9af956078716df40d985fb0dfeb2c2120c5ca92ba4ff4b388acfd01cdc14d08
click==8.5.0 --hash=sha256:255bc9599cf7748b4b1a446ccc735421bd08a2ae529a8b88597d3de5664ee360
cloudpickle==3.1.2 --hash=sha256:9acb47f6afd73f60dc1df93bb801b472f05ff42fa6c84167d25cb206be1fbf4a
compressed-tensors==0.9.3 --hash=sha256:5fcc3e4e7aa828036c2aeb130a610f9745a2e4890692cad6f6b5a2f960b21cc1
cupy-cuda12x==13.4.1 --hash=sha256:06103dd2dc2ff7f36c67d2d01cb658befd68da350fae78a0e113fbab6895755f
Deprecated==1.3.1 --hash=sha256:597bfef186b6f60181535a29fbe44865ce137a5079f295b479886c82729d5f3f
depyf==0.18.0 --hash=sha256:007294d5bac19a38a0767d747be0f49b9ffdcea0394a822644142df22b33a3e1
detect-installer==0.2.1 --hash=sha256:87e2ce7d05cb108b178f8e45bb80d3d88c0cb4b397983345c18ad6562e02e620
dill==0.4.1 --hash=sha256:1e1ce33e978ae97fcfcff5638477032b801c46c7c65cf717f95fbc2248f79a9d
diskcache==5.6.3 --hash=sha256:5e31b2d5fbad117cc363ebaf6b689474db18a1f6438bc82358b024abd4c2ca19
distro==1.9.0 --hash=sha256:7bffd925d65168f85027d8da9af6bddab658135b840670a223589bc0c8ef02b2
dnspython==2.8.0 --hash=sha256:01d9bbc4a2d76bf0db7c1f729812ded6d912bd318d3b1cf81d30c0f845dbf3af
einops==0.8.2 --hash=sha256:54058201ac7087911181bfec4af6091bb59380360f069276601256a76af08193
email-validator==2.3.0 --hash=sha256:80f13f623413e6b197ae73bb10bf4eb0908faf509ad8362c5edeb0be7fd450b4
fastapi==0.115.12 --hash=sha256:e94613d6c05e27be7ffebdd6ea5f388112e5e430c8f7d6494a9d1d88d43e814d
fastapi-cli==0.0.32 --hash=sha256:8dcc286fa32f01bbd3f65dd09cfd5a2540ed5f2230b77db7fd30978d6165f3c4
fastapi-cloud-cli==0.26.0 --hash=sha256:94029f92f3dc4289b376e1213f0d6cc7c30d4f32de7e47b5effc6dc754ab9ce9
fastar==0.12.0 --hash=sha256:deb0b3882626832361dd0fcee1f4ef1c6e2a7aaa4165e51c86ae0bab95caccd6
fastrlock==0.8.3 --hash=sha256:5f13ec08f1adb1aa916c384b05ecb7dbebb8df9ea81abd045f60941c6283a670
filelock==4.0.1 --hash=sha256:481a321a27bef441e23c53371c6abc8d7d16e26b97090074ba44f7538a3fd55a
frozenlist==1.8.0 --hash=sha256:494a5952b1c597ba44e0e78113a7266e656b9794eec897b19ead706bd7074383
fsspec==2026.9.0 --hash=sha256:8dd6e646e99ea382bd85f97a45e6b526a442d79423a7dc673f1e2756d05fcb5f
gguf==0.14.0 --hash=sha256:d279b33cd743d6211c09d96f0797eb36652c0d9d90844f8986a7c25e445906c4
googleapis-common-protos==1.75.0 --hash=sha256:961ed60399c457ceb0ee8f285a84c870aabc9c6a832b9d37bb281b5bebde43ed
grpcio==1.84.0 --hash=sha256:b44f0a0fc7bc6677d38cc80bca1a32814ce6c8f200fb8b3c1a61c9d77eaefbf3
h11==0.16.0 --hash=sha256:63cf8bbe7522de3bf65932fda1d9c2772064ffb3dae62d55932da54b31cb6c86
hf-xet==1.6.0 --hash=sha256:d62671bb130879cef0ee4c9ebe47a14af6c66ec53e6d84dc15936e5ffdfac82f
httpcore==1.0.9 --hash=sha256:2d400746a40668fc9dec9810239072b40b4484b640a8c38fd654a024c7a1bf55
httptools==0.8.0 --hash=sha256:b15fc622b0f869d19207c4089a501d9bcc63ca5e071ffdd2f03f922df882dcb2
httpx==0.28.1 --hash=sha256:d909fcccc110f8c7faf814ca82a9a4d816bc5a6dbfea25d6591d6985b8ba59ad
huggingface-hub==0.30.2 --hash=sha256:68ff05969927058cfa41df4f2155d4bb48f5f54f719dd0390103eefa9b191e28
idna==3.20 --hash=sha256:ab7ae7122974553370f0bdb919e1a960b2cd1bc1ef0276416d896db81c14582c
importlib_metadata==8.0.0 --hash=sha256:15584cf2b1bf449d98ff8a6ff1abef57bf20f3ac6454f431736cd3e660921b2f
interegular==0.3.3 --hash=sha256:b0c07007d48c89d6d19f7204972d369b2a77222722e126b6aa63aa721dc3b19c
Jinja2==3.1.6 --hash=sha256:85ece4451f492d0c13c5dd7c13a64681a86afae63a5f347908daf103ce6d2f67
jiter==0.17.0 --hash=sha256:8c21265b251d99bbb40080d178a8953e35601d3a1564e05c4de4c0d2ca616797
jsonschema==4.26.0 --hash=sha256:d489f15263b8d200f8387e64b4c3a75f06629559fb73deb8fdfb525f2dab50ce
jsonschema-specifications==2025.9.1 --hash=sha256:98802fee3a11ee76ecaca44429fda8a41bff98b00a0f2838151b113f210cc6fe
lark==1.2.2 --hash=sha256:c2276486b02f0f1b90be155f2c8ba4a8e194d42775786db622faccd652d8e80c
llguidance==0.7.30 --hash=sha256:9edc409b9decd6cffba5f5bf3b4fbd7541f95daa8cbc9510cbf96c6ab1ffc153
llvmlite==0.44.0 --hash=sha256:c0143a5ef336da14deaa8ec26c5449ad5b6a2b564df82fcef4be040b9cacfea9
lm-format-enforcer==0.10.12 --hash=sha256:267c2b421c77f7cd51ac2e0e3af8db278a373704d834b49ff55f18a2c05e9800
markdown-it-py==4.2.0 --hash=sha256:9f7ebbcd14fe59494226453aed97c1070d83f8d24b6fc3a3bcf9a38092641c4a
MarkupSafe==3.0.3 --hash=sha256:d6dd0be5b5b189d31db7cda48b91d7e0a9795f31430b7f271219ab30f1d3ac9d
mdurl==0.1.2 --hash=sha256:84008a41e51615a49fc9966191ff91509e3c40b939176e643fd50a5c2196b8f8
mistral_common==1.5.4 --hash=sha256:acef3367a4386d5dd3d9e23330348bbebe90a5cbd2fc5587d8a8d13d9893e537
mpmath==1.3.0 --hash=sha256:a0b2b9fe80bbcd81a6647ff13108738cfb482d481d826cc0e02f5b35e5c88d2c
msgpack==1.2.2 --hash=sha256:77c2e018417dc1d66f235e383877ee885b60ade9d29e494dd581e08af2cb1923
msgspec==0.21.1 --hash=sha256:21995e74b5c598c2e004110ad66ec7f1b8c20bf2bcf3b2de8fd9a3094422d3ff
multidict==6.9.0 --hash=sha256:6a5111a2bd824c821a3dd09da29680391b0caaa18fea7761358f4001e6898d1c
nest-asyncio==1.6.0 --hash=sha256:87af6efd6b5e897c81050477ef65c62e2b2f35d51703cae01aff2905b1852e1c
networkx==3.6.1 --hash=sha256:d47fbf302e7d9cbbb9e2555a0d267983d2aa476bac30e90dfbe5669bd57f3762
ninja==1.13.2 --hash=sha256:65a24341b5ac09fcadcc37082660be40a94174e51a937fabf6e2cae26225fa2c
numba==0.61.2 --hash=sha256:5b1bb509d01f23d70325d3a5a0e237cbc9544dd50e50588bc581ba860c213546
numpy==2.2.6 --hash=sha256:fd83c01228a688733f1ded5201c678f0c53ecc1006ffbc404db9f7a899ac6249
nvidia-cublas-cu11==11.11.3.6 --hash=sha256:60252822adea5d0b10cd990a7dc7bedf7435f30ae40083c7a624a85a43225abc
nvidia-cuda-cupti-cu11==11.8.87 --hash=sha256:4191a17913a706b5098681280cd089cd7d8d3df209a6f5cb79384974a96d24f2
nvidia-cuda-nvrtc-cu11==11.8.89 --hash=sha256:a8d02f3cba345be56b1ffc3e74d8f61f02bb758dd31b0f20e12277a5a244f756
nvidia-cuda-runtime-cu11==11.8.89 --hash=sha256:92d04069a987e1fbc9213f8376d265df0f7bb42617d44f5eda1f496acea7f2d1
nvidia-cudnn-cu11==9.1.0.70 --hash=sha256:e6135ac63fe9d5b0b89cfb35c3fc1c1349f2b995becadf2e9dc21bca89d9633d
nvidia-cufft-cu11==10.9.0.58 --hash=sha256:e21037259995243cc370dd63c430d77ae9280bedb68d5b5a18226bfc92e5d748
nvidia-curand-cu11==10.3.0.86 --hash=sha256:cd4cffbf78bb06580206b4814d5dc696d1161c902aae37b2bba00056832379e6
nvidia-cusolver-cu11==11.4.1.48 --hash=sha256:ea9fb1ad8c644ca9ed55af13cc39af3b7ba4c3eb5aef18471fe1fe77d94383cb
nvidia-cusparse-cu11==11.7.5.86 --hash=sha256:8d7cf1628fd8d462b5d2ba6678fae34733a48ecb80495b9c68672ec6a6dde5ef
nvidia-nccl-cu11==2.21.5 --hash=sha256:49d8350629c7888701d1fd200934942671cb5c728f49acc5a0b3a768820bed29
nvidia-nvtx-cu11==11.8.86 --hash=sha256:979f5b2aef5da164c5c53c64c85c3dfa61b8b4704f4f963bb568bf98fa8472e8
openai==1.78.1 --hash=sha256:7368bf147ca499804cc408fe68cdb6866a060f38dec961bbc97b04f9d917907e
opencv-python-headless==4.11.0.86 --hash=sha256:0e0a27c19dd1f40ddff94976cfe43066fbbe9dfbb2ec1907d66c19caef42a57b
opentelemetry-api==1.26.0 --hash=sha256:7d7ea33adf2ceda2dd680b18b1677e4152000b37ca76e679da71ff103b943064
opentelemetry-exporter-otlp==1.26.0 --hash=sha256:f839989f54bda85ee33c5dae033c44dcec9ccbb0dafc6a43d585df44da1d2036
opentelemetry-exporter-otlp-proto-common==1.26.0 --hash=sha256:ee4d8f8891a1b9c372abf8d109409e5b81947cf66423fd998e56880057afbc71
opentelemetry-exporter-otlp-proto-grpc==1.26.0 --hash=sha256:e2be5eff72ebcb010675b818e8d7c2e7d61ec451755b8de67a140bc49b9b0280
opentelemetry-exporter-otlp-proto-http==1.26.0 --hash=sha256:ee72a87c48ec977421b02f16c52ea8d884122470e0be573905237b540f4ee562
opentelemetry-proto==1.26.0 --hash=sha256:6c4d7b4d4d9c88543bcf8c28ae3f8f0448a753dc291c18c5390444c90b76a725
opentelemetry-sdk==1.26.0 --hash=sha256:feb5056a84a88670c041ea0ded9921fca559efec03905dddeb3885525e0af897
opentelemetry-semantic-conventions==0.47b0 --hash=sha256:4ff9d595b85a59c1c1413f02bba320ce7ea6bf9e2ead2b0913c4395c7bbc1063
opentelemetry-semantic-conventions-ai==0.4.13 --hash=sha256:883a30a6bb5deaec0d646912b5f9f6dcbb9f6f72557b73d0f2560bf25d13e2d5
outlines==0.1.11 --hash=sha256:f5a5f2242ed9802d3aab7a92789bf4008d734c576be9258cc0a297f690124727
outlines_core==0.1.26 --hash=sha256:e86a1bb46adc5cbf6dfd7a7fe4105e0e2a4c6e041732a053126b41c521a1f223
partial-json-parser==0.2.1.1.post7 --hash=sha256:145119e5eabcf80cbb13844a6b50a85c68bf99d376f8ed771e2a3c3b03e653ae
pillow==12.3.0 --hash=sha256:78cb2c6865a35ab8ff8b75fd122f6033b92a62c82801110e48ddd6c936a45d91
prometheus-fastapi-instrumentator==7.1.0 --hash=sha256:978130f3c0bb7b8ebcc90d35516a6fe13e02d2eb358c8f83887cdef7020c31e9
prometheus_client==0.26.0 --hash=sha256:fa93d06737aa02bacd05794768508bb97d2fbee28cb3bca04eaae92f0ca953d6
propcache==0.5.4 --hash=sha256:2814ecd8e818f487bee4b0f921bc4d1c176cc5fc71ac0f072d0fa67eda4ac14b
protobuf==4.25.9 --hash=sha256:438c636de8fb706a0de94a12a268ef1ae8f5ba5ae655a7671fcda5968ba3c9be
psutil==7.2.2 --hash=sha256:076a2d2f923fd4821644f5ba89f059523da90dc9014e85f8e45a5774ca5bc6f9
py-cpuinfo==9.0.0 --hash=sha256:859625bc251f64e21f077d099d4162689c762b5d6a4c3c97553d56241c9674d5
pycountry==26.2.16 --hash=sha256:115c4baf7cceaa30f59a4694d79483c9167dbce7a9de4d3d571c5f3ea77c305a
pydantic==2.11.4 --hash=sha256:d9615eaa9ac5a063471da949c8fc16376a84afb5024688b3ff885693506764eb
pydantic_core==2.33.2 --hash=sha256:8f57a69461af2a5fa6e6bbd7a5f60d3b7e6cebb687f55106933188e79ad155c1
Pygments==2.21.0 --hash=sha256:2363c69b61c4a97c838da3b130dcd6468f4848992b21a82f2a63ec34377137d9
python-dotenv==1.2.3 --hash=sha256:904552145e8bfed22162c09dab1c2b9b54fefa7b23ba780f4f26ca0316b0f0d9
python-json-logger==4.2.0 --hash=sha256:158a52126fcd6869e09574d2b66272666f3dc8f468c62637ef9a1fa883719cb9
python-multipart==0.0.32 --hash=sha256:ff6d3f776f16878c894e52e107296ffc890e913c611b1a4ec6c44e2821fe2e23
PyYAML==6.0.3 --hash=sha256:ba1cc08a7ccde2d2ec775841541641e4548226580ab850948cbfda66a1befcdc
pyzmq==27.2.0 --hash=sha256:dea74fd65f1fc5f7fe167916a473ebe6ed6174e5e5d9de11ea6583661be6cf43
ray==2.43.0 --hash=sha256:b45f478d29ce5df3fc19861df64fef9ed5c25f1e83fa10028d33fadefdeca095
referencing==0.37.0 --hash=sha256:381329a9f99628c9069361716891d34ad94af76e461dcb0335825aecc7692231
regex==2026.9.10 --hash=sha256:2e67f8843f0e4b931f1fa860bf3bbe4134b714c0155cc5c7c0d7ea450230aae0
requests==2.34.2 --hash=sha256:2a0d60c172f83ac6ab31e4554906c0f3b3588d37b5cb939b1c061f4907e278e0
rich==15.0.0 --hash=sha256:33bd4ef74232fb73fe9279a257718407f169c09b78a87ad3d296f548e27de0bb
rich-toolkit==0.20.5 --hash=sha256:e21fd616db9c0539d3c50f3433fb1173db95c19d3cbf215615e224182fad6c18
rignore==0.8.1 --hash=sha256:2e68cfc4ee0a2909952af2aebd608d1cd22f7d1cdce332cb0b5ea3762939865d
rpds-py==2026.6.3 --hash=sha256:ecabd69db66de867690f9797f2f8fa27ba501bbc24540cbdbdc649cd15888ba6
safetensors==0.5.3 --hash=sha256:cead1fa41fc54b1e61089fa57452e8834f798cb1dc7a09ba3524f1eb08e0317a
scipy==1.18.1 --hash=sha256:f55fa87b6c612ecd6b058f167c53231b1d14e412efe361d3d6e38b3631c73218
sentencepiece==0.2.0 --hash=sha256:f295105c6bdbb05bd5e1b0cafbd78ff95036f5d3641e7949455a3f4e5e7c3109
sentry-sdk==2.69.2 --hash=sha256:25bc0a6c55bba0b83398212a7247f4f9f3190f189a1909b68e4807ef4b785895
shellingham==1.5.4 --hash=sha256:7ecfff8f2fd72616f7481040475a65b2bf8af90a56c89140852d1120324e8686
six==1.17.0 --hash=sha256:4721f391ed90541fddacab5acf947aa0d3dc7d27b2e1e8eda2be8970586c3274
sniffio==1.3.1 --hash=sha256:2f6da418d1f1e0fddd844478f41680e794e6051915791a034ff65e5f100525a2
starlette==0.46.2 --hash=sha256:595633ce89f8ffa71a015caed34a5b2dc1c0cdb3f0f1fbd1e69339cf2abeec35
sympy==1.13.1 --hash=sha256:db36cdc64bf61b9b24578b6f7bab1ecdd2452cf008f34faa33776680c26d66f8
tiktoken==0.14.0 --hash=sha256:7896eea257fe497a2b7134474d909156c6744ce8da35bce88011a960e008aa0d
tokenizers==0.21.2 --hash=sha256:fed9a4d51c395103ad24f8e7eb976811c57fbec2af9f133df471afcd922e5020
torch @ https://download.pytorch.org/whl/cu118/torch-2.6.0%2Bcu118-cp312-cp312-linux_x86_64.whl --hash=sha256:9f7d170d6c78726945d95fcc3a3d7601f36aed0e6e0dc9ca377a64d6a8fd7b3a
torchaudio @ https://download.pytorch.org/whl/cu118/torchaudio-2.6.0%2Bcu118-cp312-cp312-linux_x86_64.whl --hash=sha256:e77fe770130b54fdbcecda829024fbd4235075e905f5c6019c19664577c70e1d
torchvision @ https://download.pytorch.org/whl/cu118/torchvision-0.21.0%2Bcu118-cp312-cp312-linux_x86_64.whl --hash=sha256:5d3679e0df9ab1725eaa7300d550cf8fe0a477119483bef12673957f30c768dc
tqdm==4.70.1 --hash=sha256:c293e525e6fef9c20e8728fd4612df02a0aa31bb5fe91ecd93e123b1b7bffa73
transformers==4.51.3 --hash=sha256:fd3279633ceb2b777013234bbf0b4f5c2d23c4626b05497691f00cfda55e8a83
triton==3.2.0 --hash=sha256:8d9b215efc1c26fa7eefb9a157915c92d52e000d2bf83e5f69704047e63f125c
typer==0.27.2 --hash=sha256:b3a5fc4342d5fc8fda8fc3010b1cf117e9249aab7fae800c2eff62fd3842d97d
typing-inspection==0.4.4 --hash=sha256:65b8397ba37ccbce054456aaccddfc91e6e3083c92824df348d96ca832f3f147
typing_extensions==4.16.0 --hash=sha256:481caa481374e813c1b176ada14e97f1f67a4539ce9cfeb3f350d78d6370c2e8
urllib3==2.8.0 --hash=sha256:0cf3cae568d36aa9576b28dfb35f11328f1cb974ca7647d9475ebb86c75ac6e3
uvicorn==0.53.0 --hash=sha256:e8dca71ec86dce5f04e333f0d56cdedf942446e6643b9cea1af0d6d3a02cb03e
uvloop==0.22.1 --hash=sha256:7b5b1ac819a3f946d3b2ee07f09149578ae76066d70b44df3fa990add49a82e4
vllm @ https://github.com/vllm-project/vllm/releases/download/v0.8.5/vllm-0.8.5%2Bcu118-cp38-abi3-manylinux1_x86_64.whl --hash=sha256:54230c11150a8d6314fb9d4856b045b3d5bf80092fa1901f3e1ef3b9afcd6e3f
watchfiles==1.2.0 --hash=sha256:e53a384f76b631c3ae5334ce6a52f0baa3a911eb94a4eac7f160079868b716d5
websockets==17.1 --hash=sha256:0c863507ada5805517ca6dff1c524dcd42942efe6304dacf06700878398d21a6
wrapt==2.4.1 --hash=sha256:30d11c289b013bf384ff1a1a6553f150d0b855901708a9bef667a5680f8247c9
xformers @ https://download.pytorch.org/whl/cu118/xformers-0.0.29.post2-cp312-cp312-manylinux_2_28_x86_64.whl --hash=sha256:2072f98dbeea10aebbc69e0e4551a153961c20b544d2ef7e57800395095b8c91
xgrammar==0.1.18 --hash=sha256:0ac7ef1f74af7bedc6cf992b4f9f5ea6f5a736ce17a3abb229108a3538e92000
yarl==1.25.1 --hash=sha256:c6f117789d22dce188e5754e8bc65b7e6ebf8cb73963b9fa761f672a5883769d
zipp==4.1.0 --hash=sha256:25ad4e16390cd314347dd8f1de67a2ac538ae658ed4ab9db16029c07c188e97f
